
Microsoft Visual Studio Solution File, Format Version 12.00
# Visual Studio Version 17
VisualStudioVersion = 17.14.36301.6
MinimumVisualStudioVersion = 10.0.40219.1
Project("{FAE04EC0-301F-11D3-BF4B-00C04F79EFBC}") = "StoneAssemblies.Ecoflow", "StoneAssemblies.Ecoflow\StoneAssemblies.Ecoflow.csproj", "{38BAE91C-056A-4598-9A53-9226AA5E2851}"
EndProject
Project("{2150E333-8FDC-42A3-9474-1A3956D46DE8}") = "src", "src", "{02EA681E-C7D8-13C7-8484-4AC65E1B71E8}"
EndProject
Project("{FAE04EC0-301F-11D3-BF4B-00C04F79EFBC}") = "StoneAssemblies.Ecoflow.Cmd", "StoneAssemblies.Ecoflow.Cmd\StoneAssemblies.Ecoflow.Cmd.csproj", "{F6D52DA4-A2C6-4DFC-BAD4-391B578CFF3B}"
EndProject
Global
	GlobalSection(SolutionConfigurationPlatforms) = preSolution
		Debug|Any CPU = Debug|Any CPU
		Release|Any CPU = Release|Any CPU
	EndGlobalSection
	GlobalSection(ProjectConfigurationPlatforms) = postSolution
		{38BAE91C-056A-4598-9A53-9226AA5E2851}.Debug|Any CPU.ActiveCfg = Debug|Any CPU
		{38BAE91C-056A-4598-9A53-9226AA5E2851}.Debug|Any CPU.Build.0 = Debug|Any CPU
		{38BAE91C-056A-4598-9A53-9226AA5E2851}.Release|Any CPU.ActiveCfg = Release|Any CPU
		{38BAE91C-056A-4598-9A53-9226AA5E2851}.Release|Any CPU.Build.0 = Release|Any CPU
		{F6D52DA4-A2C6-4DFC-BAD4-391B578CFF3B}.Debug|Any CPU.ActiveCfg = Debug|Any CPU
		{F6D52DA4-A2C6-4DFC-BAD4-391B578CFF3B}.Debug|Any CPU.Build.0 = Debug|Any CPU
		{F6D52DA4-A2C6-4DFC-BAD4-391B578CFF3B}.Release|Any CPU.ActiveCfg = Release|Any CPU
		{F6D52DA4-A2C6-4DFC-BAD4-391B578CFF3B}.Release|Any CPU.Build.0 = Release|Any CPU
	EndGlobalSection
	GlobalSection(SolutionProperties) = preSolution
		HideSolutionNode = FALSE
	EndGlobalSection
	GlobalSection(NestedProjects) = preSolution
		{38BAE91C-056A-4598-9A53-9226AA5E2851} = {02EA681E-C7D8-13C7-8484-4AC65E1B71E8}
		{F6D52DA4-A2C6-4DFC-BAD4-391B578CFF3B} = {02EA681E-C7D8-13C7-8484-4AC65E1B71E8}
	EndGlobalSection
	GlobalSection(ExtensibilityGlobals) = postSolution
		SolutionGuid = {3A0B63BF-F78D-4F1E-BC8E-3DFD82479A77}
	EndGlobalSection
EndGlobal
